
Microsoft Visual Studio Solution File, Format Version 12.00
# Visual Studio Version 16
VisualStudioVersion = 16.0.31702.278
MinimumVisualStudioVersion = 10.0.40219.1
Project("{FAE04EC0-301F-11D3-BF4B-00C04F79EFBC}") = "ExercicioFixacaoEntradaDados", "ExercicioFixacaoEntradaDados\ExercicioFixacaoEntradaDados.csproj", "{35482D15-D36A-4AC1-ADA4-083180A64024}"
EndProject
Global
	GlobalSection(SolutionConfigurationPlatforms) = preSolution
		Debug|Any CPU = Debug|Any CPU
		Release|Any CPU = Release|Any CPU
	EndGlobalSection
	GlobalSection(ProjectConfigurationPlatforms) = postSolution
		{35482D15-D36A-4AC1-ADA4-083180A64024}.Debug|Any CPU.ActiveCfg = Debug|Any CPU
		{35482D15-D36A-4AC1-ADA4-083180A64024}.Debug|Any CPU.Build.0 = Debug|Any CPU
		{35482D15-D36A-4AC1-ADA4-083180A64024}.Release|Any CPU.ActiveCfg = Release|Any CPU
		{35482D15-D36A-4AC1-ADA4-083180A64024}.Release|Any CPU.Build.0 = Release|Any CPU
	EndGlobalSection
	GlobalSection(SolutionProperties) = preSolution
		HideSolutionNode = FALSE
	EndGlobalSection
	GlobalSection(ExtensibilityGlobals) = postSolution
		SolutionGuid = {8D2C0337-CE20-4065-9947-26EDC162EDC2}
	EndGlobalSection
EndGlobal
