
Microsoft Visual Studio Solution File, Format Version 12.00
# Visual Studio Version 16
VisualStudioVersion = 16.0.31702.278
MinimumVisualStudioVersion = 10.0.40219.1
Project("{FAE04EC0-301F-11D3-BF4B-00C04F79EFBC}") = "Exercicio01", "ExerciciosPropostos\Exercicio01.csproj", "{EE0C7370-0EF6-4811-B025-2025378BB7E5}"
EndProject
Project("{FAE04EC0-301F-11D3-BF4B-00C04F79EFBC}") = "Exercicio02", "Exercicio02\Exercicio02.csproj", "{7AA48020-3E4D-4A8F-BAD6-D06874815DB0}"
EndProject
Project("{FAE04EC0-301F-11D3-BF4B-00C04F79EFBC}") = "Exercicio03", "Exercicio03\Exercicio03.csproj", "{FD340BCC-869B-43C1-96A5-72C242A8C36A}"
EndProject
Global
	GlobalSection(SolutionConfigurationPlatforms) = preSolution
		Debug|Any CPU = Debug|Any CPU
		Release|Any CPU = Release|Any CPU
	EndGlobalSection
	GlobalSection(ProjectConfigurationPlatforms) = postSolution
		{EE0C7370-0EF6-4811-B025-2025378BB7E5}.Debug|Any CPU.ActiveCfg = Debug|Any CPU
		{EE0C7370-0EF6-4811-B025-2025378BB7E5}.Debug|Any CPU.Build.0 = Debug|Any CPU
		{EE0C7370-0EF6-4811-B025-2025378BB7E5}.Release|Any CPU.ActiveCfg = Release|Any CPU
		{EE0C7370-0EF6-4811-B025-2025378BB7E5}.Release|Any CPU.Build.0 = Release|Any CPU
		{7AA48020-3E4D-4A8F-BAD6-D06874815DB0}.Debug|Any CPU.ActiveCfg = Debug|Any CPU
		{7AA48020-3E4D-4A8F-BAD6-D06874815DB0}.Debug|Any CPU.Build.0 = Debug|Any CPU
		{7AA48020-3E4D-4A8F-BAD6-D06874815DB0}.Release|Any CPU.ActiveCfg = Release|Any CPU
		{7AA48020-3E4D-4A8F-BAD6-D06874815DB0}.Release|Any CPU.Build.0 = Release|Any CPU
		{FD340BCC-869B-43C1-96A5-72C242A8C36A}.Debug|Any CPU.ActiveCfg = Debug|Any CPU
		{FD340BCC-869B-43C1-96A5-72C242A8C36A}.Debug|Any CPU.Build.0 = Debug|Any CPU
		{FD340BCC-869B-43C1-96A5-72C242A8C36A}.Release|Any CPU.ActiveCfg = Release|Any CPU
		{FD340BCC-869B-43C1-96A5-72C242A8C36A}.Release|Any CPU.Build.0 = Release|Any CPU
	EndGlobalSection
	GlobalSection(SolutionProperties) = preSolution
		HideSolutionNode = FALSE
	EndGlobalSection
	GlobalSection(ExtensibilityGlobals) = postSolution
		SolutionGuid = {58C61EF4-D831-420B-A0D2-34CABD000704}
	EndGlobalSection
EndGlobal
