
Microsoft Visual Studio Solution File, Format Version 12.00
# Visual Studio Version 16
VisualStudioVersion = 16.0.31702.278
MinimumVisualStudioVersion = 10.0.40219.1
Project("{FAE04EC0-301F-11D3-BF4B-00C04F79EFBC}") = "Course", "Course\Course.csproj", "{47C73B03-6FAC-42BE-8C3B-D2051EDA3D15}"
EndProject
Global
	GlobalSection(SolutionConfigurationPlatforms) = preSolution
		Debug|Any CPU = Debug|Any CPU
		Release|Any CPU = Release|Any CPU
	EndGlobalSection
	GlobalSection(ProjectConfigurationPlatforms) = postSolution
		{47C73B03-6FAC-42BE-8C3B-D2051EDA3D15}.Debug|Any CPU.ActiveCfg = Debug|Any CPU
		{47C73B03-6FAC-42BE-8C3B-D2051EDA3D15}.Debug|Any CPU.Build.0 = Debug|Any CPU
		{47C73B03-6FAC-42BE-8C3B-D2051EDA3D15}.Release|Any CPU.ActiveCfg = Release|Any CPU
		{47C73B03-6FAC-42BE-8C3B-D2051EDA3D15}.Release|Any CPU.Build.0 = Release|Any CPU
	EndGlobalSection
	GlobalSection(SolutionProperties) = preSolution
		HideSolutionNode = FALSE
	EndGlobalSection
	GlobalSection(ExtensibilityGlobals) = postSolution
		SolutionGuid = {0482DF6E-CAAF-4E92-97A9-6E8AB133696E}
	EndGlobalSection
EndGlobal
